
Microsoft Visual Studio Solution File, Format Version 12.00
# Visual Studio 2013
VisualStudioVersion = 12.0.21005.1
MinimumVisualStudioVersion = 10.0.40219.1
Project("{FAE04EC0-301F-11D3-BF4B-00C04F79EFBC}") = "01.EF-Mappings", "EF-Mappings\01.EF-Mappings.csproj", "{8CE85599-2DA4-4B77-9D1B-FD6BD7680B6A}"
EndProject
Project("{FAE04EC0-301F-11D3-BF4B-00C04F79EFBC}") = "02.Export-Manufacturers-Cameras-JSON", "Export-Manufacturers-Cameras-JSON\02.Export-Manufacturers-Cameras-JSON.csproj", "{79C11FBB-2FAD-4BDE-80C2-7E570D04A0A4}"
EndProject
Project("{FAE04EC0-301F-11D3-BF4B-00C04F79EFBC}") = "03.Export-Photographs-XML", "Export-Photographs-XML\03.Export-Photographs-XML.csproj", "{75D86F3B-8046-43FB-8986-8C5616D47994}"
EndProject
Project("{FAE04EC0-301F-11D3-BF4B-00C04F79EFBC}") = "04.Import-Manufacturers-Lenses-XML", "Import-Manufacturers-Lenses-XML\04.Import-Manufacturers-Lenses-XML.csproj", "{8185EF30-32BC-4BC3-AE81-7532BE1C2F5C}"
EndProject
Project("{FAE04EC0-301F-11D3-BF4B-00C04F79EFBC}") = "EF-Phonebook", "EF-Phonebook\EF-Phonebook.csproj", "{D4C65C9B-D0CC-46CF-A086-09CFE9FFD229}"
EndProject
Global
	GlobalSection(SolutionConfigurationPlatforms) = preSolution
		Debug|Any CPU = Debug|Any CPU
		Release|Any CPU = Release|Any CPU
	EndGlobalSection
	GlobalSection(ProjectConfigurationPlatforms) = postSolution
		{8CE85599-2DA4-4B77-9D1B-FD6BD7680B6A}.Debug|Any CPU.ActiveCfg = Debug|Any CPU
		{8CE85599-2DA4-4B77-9D1B-FD6BD7680B6A}.Debug|Any CPU.Build.0 = Debug|Any CPU
		{8CE85599-2DA4-4B77-9D1B-FD6BD7680B6A}.Release|Any CPU.ActiveCfg = Release|Any CPU
		{8CE85599-2DA4-4B77-9D1B-FD6BD7680B6A}.Release|Any CPU.Build.0 = Release|Any CPU
		{79C11FBB-2FAD-4BDE-80C2-7E570D04A0A4}.Debug|Any CPU.ActiveCfg = Debug|Any CPU
		{79C11FBB-2FAD-4BDE-80C2-7E570D04A0A4}.Debug|Any CPU.Build.0 = Debug|Any CPU
		{79C11FBB-2FAD-4BDE-80C2-7E570D04A0A4}.Release|Any CPU.ActiveCfg = Release|Any CPU
		{79C11FBB-2FAD-4BDE-80C2-7E570D04A0A4}.Release|Any CPU.Build.0 = Release|Any CPU
		{75D86F3B-8046-43FB-8986-8C5616D47994}.Debug|Any CPU.ActiveCfg = Debug|Any CPU
		{75D86F3B-8046-43FB-8986-8C5616D47994}.Debug|Any CPU.Build.0 = Debug|Any CPU
		{75D86F3B-8046-43FB-8986-8C5616D47994}.Release|Any CPU.ActiveCfg = Release|Any CPU
		{75D86F3B-8046-43FB-8986-8C5616D47994}.Release|Any CPU.Build.0 = Release|Any CPU
		{8185EF30-32BC-4BC3-AE81-7532BE1C2F5C}.Debug|Any CPU.ActiveCfg = Debug|Any CPU
		{8185EF30-32BC-4BC3-AE81-7532BE1C2F5C}.Debug|Any CPU.Build.0 = Debug|Any CPU
		{8185EF30-32BC-4BC3-AE81-7532BE1C2F5C}.Release|Any CPU.ActiveCfg = Release|Any CPU
		{8185EF30-32BC-4BC3-AE81-7532BE1C2F5C}.Release|Any CPU.Build.0 = Release|Any CPU
		{D4C65C9B-D0CC-46CF-A086-09CFE9FFD229}.Debug|Any CPU.ActiveCfg = Debug|Any CPU
		{D4C65C9B-D0CC-46CF-A086-09CFE9FFD229}.Debug|Any CPU.Build.0 = Debug|Any CPU
		{D4C65C9B-D0CC-46CF-A086-09CFE9FFD229}.Release|Any CPU.ActiveCfg = Release|Any CPU
		{D4C65C9B-D0CC-46CF-A086-09CFE9FFD229}.Release|Any CPU.Build.0 = Release|Any CPU
	EndGlobalSection
	GlobalSection(SolutionProperties) = preSolution
		HideSolutionNode = FALSE
	EndGlobalSection
EndGlobal
