
Microsoft Visual Studio Solution File, Format Version 12.00
# Visual Studio 2013
VisualStudioVersion = 12.0.21005.1
MinimumVisualStudioVersion = 10.0.40219.1
Project("{FAE04EC0-301F-11D3-BF4B-00C04F79EFBC}") = "StudentSystem.Models", "StudentSystem.Models\StudentSystem.Models.csproj", "{358BB4C8-AD6D-4AF6-B221-0C9A3B3B7B65}"
EndProject
Project("{FAE04EC0-301F-11D3-BF4B-00C04F79EFBC}") = "StudentSystem.Data", "StudentSystem.Data\StudentSystem.Data.csproj", "{76319145-7E2C-4951-B606-9F11A3F9918B}"
EndProject
Project("{FAE04EC0-301F-11D3-BF4B-00C04F79EFBC}") = "StudentSystem.ConsoleClient", "StudentSystem.ConsoleClient\StudentSystem.ConsoleClient.csproj", "{18531A9B-8F3B-471D-AED4-36CCDB60B5FE}"
EndProject
Global
	GlobalSection(SolutionConfigurationPlatforms) = preSolution
		Debug|Any CPU = Debug|Any CPU
		Release|Any CPU = Release|Any CPU
	EndGlobalSection
	GlobalSection(ProjectConfigurationPlatforms) = postSolution
		{358BB4C8-AD6D-4AF6-B221-0C9A3B3B7B65}.Debug|Any CPU.ActiveCfg = Debug|Any CPU
		{358BB4C8-AD6D-4AF6-B221-0C9A3B3B7B65}.Debug|Any CPU.Build.0 = Debug|Any CPU
		{358BB4C8-AD6D-4AF6-B221-0C9A3B3B7B65}.Release|Any CPU.ActiveCfg = Release|Any CPU
		{358BB4C8-AD6D-4AF6-B221-0C9A3B3B7B65}.Release|Any CPU.Build.0 = Release|Any CPU
		{76319145-7E2C-4951-B606-9F11A3F9918B}.Debug|Any CPU.ActiveCfg = Debug|Any CPU
		{76319145-7E2C-4951-B606-9F11A3F9918B}.Debug|Any CPU.Build.0 = Debug|Any CPU
		{76319145-7E2C-4951-B606-9F11A3F9918B}.Release|Any CPU.ActiveCfg = Release|Any CPU
		{76319145-7E2C-4951-B606-9F11A3F9918B}.Release|Any CPU.Build.0 = Release|Any CPU
		{18531A9B-8F3B-471D-AED4-36CCDB60B5FE}.Debug|Any CPU.ActiveCfg = Debug|Any CPU
		{18531A9B-8F3B-471D-AED4-36CCDB60B5FE}.Debug|Any CPU.Build.0 = Debug|Any CPU
		{18531A9B-8F3B-471D-AED4-36CCDB60B5FE}.Release|Any CPU.ActiveCfg = Release|Any CPU
		{18531A9B-8F3B-471D-AED4-36CCDB60B5FE}.Release|Any CPU.Build.0 = Release|Any CPU
	EndGlobalSection
	GlobalSection(SolutionProperties) = preSolution
		HideSolutionNode = FALSE
	EndGlobalSection
EndGlobal
