
Microsoft Visual Studio Solution File, Format Version 12.00
# Visual Studio 2013
VisualStudioVersion = 12.0.21005.1
MinimumVisualStudioVersion = 10.0.40219.1
Project("{FAE04EC0-301F-11D3-BF4B-00C04F79EFBC}") = "1.EF-Mappings", "EF-Mappings\1.EF-Mappings.csproj", "{16D1EBC3-B3BD-4558-A388-0CCB664DB989}"
EndProject
Project("{FAE04EC0-301F-11D3-BF4B-00C04F79EFBC}") = "2.Export-Rivers-JSON", "Export-Rivers-JSON\2.Export-Rivers-JSON.csproj", "{01897484-DDC3-46D6-9605-FE20FCC490A1}"
EndProject
Project("{FAE04EC0-301F-11D3-BF4B-00C04F79EFBC}") = "3.Export-Monasteries-XML", "Export-Monasteries-XML\3.Export-Monasteries-XML.csproj", "{17BD6BEC-7CB4-42E4-AB70-F2C5410007F1}"
EndProject
Global
	GlobalSection(SolutionConfigurationPlatforms) = preSolution
		Debug|Any CPU = Debug|Any CPU
		Release|Any CPU = Release|Any CPU
	EndGlobalSection
	GlobalSection(ProjectConfigurationPlatforms) = postSolution
		{16D1EBC3-B3BD-4558-A388-0CCB664DB989}.Debug|Any CPU.ActiveCfg = Debug|Any CPU
		{16D1EBC3-B3BD-4558-A388-0CCB664DB989}.Debug|Any CPU.Build.0 = Debug|Any CPU
		{16D1EBC3-B3BD-4558-A388-0CCB664DB989}.Release|Any CPU.ActiveCfg = Release|Any CPU
		{16D1EBC3-B3BD-4558-A388-0CCB664DB989}.Release|Any CPU.Build.0 = Release|Any CPU
		{01897484-DDC3-46D6-9605-FE20FCC490A1}.Debug|Any CPU.ActiveCfg = Debug|Any CPU
		{01897484-DDC3-46D6-9605-FE20FCC490A1}.Debug|Any CPU.Build.0 = Debug|Any CPU
		{01897484-DDC3-46D6-9605-FE20FCC490A1}.Release|Any CPU.ActiveCfg = Release|Any CPU
		{01897484-DDC3-46D6-9605-FE20FCC490A1}.Release|Any CPU.Build.0 = Release|Any CPU
		{17BD6BEC-7CB4-42E4-AB70-F2C5410007F1}.Debug|Any CPU.ActiveCfg = Debug|Any CPU
		{17BD6BEC-7CB4-42E4-AB70-F2C5410007F1}.Debug|Any CPU.Build.0 = Debug|Any CPU
		{17BD6BEC-7CB4-42E4-AB70-F2C5410007F1}.Release|Any CPU.ActiveCfg = Release|Any CPU
		{17BD6BEC-7CB4-42E4-AB70-F2C5410007F1}.Release|Any CPU.Build.0 = Release|Any CPU
	EndGlobalSection
	GlobalSection(SolutionProperties) = preSolution
		HideSolutionNode = FALSE
	EndGlobalSection
EndGlobal
