
Microsoft Visual Studio Solution File, Format Version 12.00
# Visual Studio 2013
VisualStudioVersion = 12.0.21005.1
MinimumVisualStudioVersion = 10.0.40219.1
Project("{FAE04EC0-301F-11D3-BF4B-00C04F79EFBC}") = "01.Entity-Framework-Excercise", "01.Entity-Framework-Excercise\01.Entity-Framework-Excercise.csproj", "{A60E5761-FCC0-4C59-9495-6A60BDB64B5C}"
EndProject
Global
	GlobalSection(SolutionConfigurationPlatforms) = preSolution
		Debug|Any CPU = Debug|Any CPU
		Release|Any CPU = Release|Any CPU
	EndGlobalSection
	GlobalSection(ProjectConfigurationPlatforms) = postSolution
		{A60E5761-FCC0-4C59-9495-6A60BDB64B5C}.Debug|Any CPU.ActiveCfg = Debug|Any CPU
		{A60E5761-FCC0-4C59-9495-6A60BDB64B5C}.Debug|Any CPU.Build.0 = Debug|Any CPU
		{A60E5761-FCC0-4C59-9495-6A60BDB64B5C}.Release|Any CPU.ActiveCfg = Release|Any CPU
		{A60E5761-FCC0-4C59-9495-6A60BDB64B5C}.Release|Any CPU.Build.0 = Release|Any CPU
	EndGlobalSection
	GlobalSection(SolutionProperties) = preSolution
		HideSolutionNode = FALSE
	EndGlobalSection
EndGlobal
